
Microsoft Visual Studio Solution File, Format Version 12.00
# Visual Studio Version 16
VisualStudioVersion = 16.0.32602.291
MinimumVisualStudioVersion = 10.0.40219.1
Project("{FAE04EC0-301F-11D3-BF4B-00C04F79EFBC}") = "Student_Data", "Student_Data\Student_Data.csproj", "{3E941083-B6C5-4309-BABD-2F711F2C6C0C}"
EndProject
Global
	GlobalSection(SolutionConfigurationPlatforms) = preSolution
		Debug|Any CPU = Debug|Any CPU
		Release|Any CPU = Release|Any CPU
	EndGlobalSection
	GlobalSection(ProjectConfigurationPlatforms) = postSolution
		{3E941083-B6C5-4309-BABD-2F711F2C6C0C}.Debug|Any CPU.ActiveCfg = Debug|Any CPU
		{3E941083-B6C5-4309-BABD-2F711F2C6C0C}.Debug|Any CPU.Build.0 = Debug|Any CPU
		{3E941083-B6C5-4309-BABD-2F711F2C6C0C}.Release|Any CPU.ActiveCfg = Release|Any CPU
		{3E941083-B6C5-4309-BABD-2F711F2C6C0C}.Release|Any CPU.Build.0 = Release|Any CPU
	EndGlobalSection
	GlobalSection(SolutionProperties) = preSolution
		HideSolutionNode = FALSE
	EndGlobalSection
	GlobalSection(ExtensibilityGlobals) = postSolution
		SolutionGuid = {C8C653A2-3D05-41A0-AF89-41A2DB3003E5}
	EndGlobalSection
EndGlobal
